
Microsoft Visual Studio Solution File, Format Version 12.00
# Visual Studio Version 16
VisualStudioVersion = 16.0.30114.105
MinimumVisualStudioVersion = 10.0.40219.1
Project("{FAE04EC0-301F-11D3-BF4B-00C04F79EFBC}") = "NMuellerHangman", "NMuellerHangman\NMuellerHangman.csproj", "{BD7FA81F-EC13-49F3-A0A9-0B322B265717}"
EndProject
Global
	GlobalSection(SolutionConfigurationPlatforms) = preSolution
		Debug|Any CPU = Debug|Any CPU
		Release|Any CPU = Release|Any CPU
	EndGlobalSection
	GlobalSection(ProjectConfigurationPlatforms) = postSolution
		{BD7FA81F-EC13-49F3-A0A9-0B322B265717}.Debug|Any CPU.ActiveCfg = Debug|Any CPU
		{BD7FA81F-EC13-49F3-A0A9-0B322B265717}.Debug|Any CPU.Build.0 = Debug|Any CPU
		{BD7FA81F-EC13-49F3-A0A9-0B322B265717}.Release|Any CPU.ActiveCfg = Release|Any CPU
		{BD7FA81F-EC13-49F3-A0A9-0B322B265717}.Release|Any CPU.Build.0 = Release|Any CPU
	EndGlobalSection
	GlobalSection(SolutionProperties) = preSolution
		HideSolutionNode = FALSE
	EndGlobalSection
	GlobalSection(ExtensibilityGlobals) = postSolution
		SolutionGuid = {DCE71A97-9C11-4829-A01A-EE80096F0C79}
	EndGlobalSection
EndGlobal
